{
  "requires": true,
  "lockfileVersion": 1,
  "dependencies": {
    "google-libphonenumber": {
      "version": "3.1.8",
      "resolved": "https://registry.npmjs.org/google-libphonenumber/-/google-libphonenumber-3.1.8.tgz",
      "integrity": "sha512-I7Cu/9Ga+hp4V63XLF30Wm4Zhk9ZwfpbjWvmq4oYtOjAVvegt/dISpFSMpQRztE7Qd91bhP2mwICAYzzD5m9jA=="
    }
  }
}
